
Microsoft Visual Studio Solution File, Format Version 12.00
# Visual Studio Version 17
VisualStudioVersion = 17.0.31903.59
MinimumVisualStudioVersion = 10.0.40219.1
Project("{9A19103F-16F7-4668-BE54-9A1E7A4F7556}") = "KrakenTradesDatabase", "KrakenTradesDatabase\KrakenTradesDatabase.csproj", "{F2223755-5E99-45B2-95AD-1B788CC84749}"
EndProject
Project("{9A19103F-16F7-4668-BE54-9A1E7A4F7556}") = "KrakenImportCsv", "KrakenImportCsv\KrakenImportCsv.csproj", "{F5F67CAD-628B-4EB1-8536-1A47012DB34F}"
EndProject
Project("{9A19103F-16F7-4668-BE54-9A1E7A4F7556}") = "KrakenImportApi", "KrakenImportApi\KrakenImportApi.csproj", "{A4308C1B-2061-40EA-9B81-F24D3D367AEB}"
EndProject
Project("{FAE04EC0-301F-11D3-BF4B-00C04F79EFBC}") = "KrakenCandles", "KrakenCandles\KrakenCandles.csproj", "{853BD460-CFBE-42F6-8E7D-8C53803C92D2}"
EndProject
Global
	GlobalSection(SolutionConfigurationPlatforms) = preSolution
		Debug|Any CPU = Debug|Any CPU
		Release|Any CPU = Release|Any CPU
	EndGlobalSection
	GlobalSection(ProjectConfigurationPlatforms) = postSolution
		{F2223755-5E99-45B2-95AD-1B788CC84749}.Debug|Any CPU.ActiveCfg = Debug|Any CPU
		{F2223755-5E99-45B2-95AD-1B788CC84749}.Debug|Any CPU.Build.0 = Debug|Any CPU
		{F2223755-5E99-45B2-95AD-1B788CC84749}.Release|Any CPU.ActiveCfg = Release|Any CPU
		{F2223755-5E99-45B2-95AD-1B788CC84749}.Release|Any CPU.Build.0 = Release|Any CPU
		{F5F67CAD-628B-4EB1-8536-1A47012DB34F}.Debug|Any CPU.ActiveCfg = Debug|Any CPU
		{F5F67CAD-628B-4EB1-8536-1A47012DB34F}.Debug|Any CPU.Build.0 = Debug|Any CPU
		{F5F67CAD-628B-4EB1-8536-1A47012DB34F}.Release|Any CPU.ActiveCfg = Release|Any CPU
		{F5F67CAD-628B-4EB1-8536-1A47012DB34F}.Release|Any CPU.Build.0 = Release|Any CPU
		{A4308C1B-2061-40EA-9B81-F24D3D367AEB}.Debug|Any CPU.ActiveCfg = Debug|Any CPU
		{A4308C1B-2061-40EA-9B81-F24D3D367AEB}.Debug|Any CPU.Build.0 = Debug|Any CPU
		{A4308C1B-2061-40EA-9B81-F24D3D367AEB}.Release|Any CPU.ActiveCfg = Release|Any CPU
		{A4308C1B-2061-40EA-9B81-F24D3D367AEB}.Release|Any CPU.Build.0 = Release|Any CPU
		{853BD460-CFBE-42F6-8E7D-8C53803C92D2}.Debug|Any CPU.ActiveCfg = Debug|Any CPU
		{853BD460-CFBE-42F6-8E7D-8C53803C92D2}.Debug|Any CPU.Build.0 = Debug|Any CPU
		{853BD460-CFBE-42F6-8E7D-8C53803C92D2}.Release|Any CPU.ActiveCfg = Release|Any CPU
		{853BD460-CFBE-42F6-8E7D-8C53803C92D2}.Release|Any CPU.Build.0 = Release|Any CPU
	EndGlobalSection
	GlobalSection(SolutionProperties) = preSolution
		HideSolutionNode = FALSE
	EndGlobalSection
	GlobalSection(ExtensibilityGlobals) = postSolution
		SolutionGuid = {3374092C-69D2-4F9B-90F4-5C074B58611B}
	EndGlobalSection
EndGlobal
